
Microsoft Visual Studio Solution File, Format Version 12.00
# Visual Studio Version 17
VisualStudioVersion = 17.7.34202.233
MinimumVisualStudioVersion = 10.0.40219.1
Project("{FAE04EC0-301F-11D3-BF4B-00C04F79EFBC}") = "CalculadorMultiple", "CalculadorMultiple.csproj", "{07B8AC98-5F2C-49B3-9C0E-9F1552E6FE17}"
EndProject
Global
	GlobalSection(SolutionConfigurationPlatforms) = preSolution
		Debug|Any CPU = Debug|Any CPU
		Release|Any CPU = Release|Any CPU
	EndGlobalSection
	GlobalSection(ProjectConfigurationPlatforms) = postSolution
		{07B8AC98-5F2C-49B3-9C0E-9F1552E6FE17}.Debug|Any CPU.ActiveCfg = Debug|Any CPU
		{07B8AC98-5F2C-49B3-9C0E-9F1552E6FE17}.Debug|Any CPU.Build.0 = Debug|Any CPU
		{07B8AC98-5F2C-49B3-9C0E-9F1552E6FE17}.Release|Any CPU.ActiveCfg = Release|Any CPU
		{07B8AC98-5F2C-49B3-9C0E-9F1552E6FE17}.Release|Any CPU.Build.0 = Release|Any CPU
	EndGlobalSection
	GlobalSection(SolutionProperties) = preSolution
		HideSolutionNode = FALSE
	EndGlobalSection
	GlobalSection(ExtensibilityGlobals) = postSolution
		SolutionGuid = {3571A1E7-0E93-4F0A-81EC-A7D3C0681943}
	EndGlobalSection
EndGlobal
