
Microsoft Visual Studio Solution File, Format Version 12.00
# Visual Studio Version 17
VisualStudioVersion = 17.14.36121.58 d17.14
MinimumVisualStudioVersion = 10.0.40219.1
Project("{FAE04EC0-301F-11D3-BF4B-00C04F79EFBC}") = "OperadoresRelacionales", "OperadoresRelacionales.csproj", "{416BAEAA-F784-435C-B6C8-3C52DD6F1A5E}"
EndProject
Global
	GlobalSection(SolutionConfigurationPlatforms) = preSolution
		Debug|Any CPU = Debug|Any CPU
		Release|Any CPU = Release|Any CPU
	EndGlobalSection
	GlobalSection(ProjectConfigurationPlatforms) = postSolution
		{416BAEAA-F784-435C-B6C8-3C52DD6F1A5E}.Debug|Any CPU.ActiveCfg = Debug|Any CPU
		{416BAEAA-F784-435C-B6C8-3C52DD6F1A5E}.Debug|Any CPU.Build.0 = Debug|Any CPU
		{416BAEAA-F784-435C-B6C8-3C52DD6F1A5E}.Release|Any CPU.ActiveCfg = Release|Any CPU
		{416BAEAA-F784-435C-B6C8-3C52DD6F1A5E}.Release|Any CPU.Build.0 = Release|Any CPU
	EndGlobalSection
	GlobalSection(SolutionProperties) = preSolution
		HideSolutionNode = FALSE
	EndGlobalSection
	GlobalSection(ExtensibilityGlobals) = postSolution
		SolutionGuid = {C5AF6195-4EA6-4E60-85BC-1BB3AF83BF37}
	EndGlobalSection
EndGlobal
