
Microsoft Visual Studio Solution File, Format Version 12.00
# Visual Studio Version 17
VisualStudioVersion = 17.7.34202.233
MinimumVisualStudioVersion = 10.0.40219.1
Project("{FAE04EC0-301F-11D3-BF4B-00C04F79EFBC}") = "CalculadoraPorcentaje", "CalculadoraPorcentaje.csproj", "{8B8B9BF8-41E6-4B31-8104-24402D09BF62}"
EndProject
Global
	GlobalSection(SolutionConfigurationPlatforms) = preSolution
		Debug|Any CPU = Debug|Any CPU
		Release|Any CPU = Release|Any CPU
	EndGlobalSection
	GlobalSection(ProjectConfigurationPlatforms) = postSolution
		{8B8B9BF8-41E6-4B31-8104-24402D09BF62}.Debug|Any CPU.ActiveCfg = Debug|Any CPU
		{8B8B9BF8-41E6-4B31-8104-24402D09BF62}.Debug|Any CPU.Build.0 = Debug|Any CPU
		{8B8B9BF8-41E6-4B31-8104-24402D09BF62}.Release|Any CPU.ActiveCfg = Release|Any CPU
		{8B8B9BF8-41E6-4B31-8104-24402D09BF62}.Release|Any CPU.Build.0 = Release|Any CPU
	EndGlobalSection
	GlobalSection(SolutionProperties) = preSolution
		HideSolutionNode = FALSE
	EndGlobalSection
	GlobalSection(ExtensibilityGlobals) = postSolution
		SolutionGuid = {0F634580-B2D0-4EBF-BE72-65FF6BDCD097}
	EndGlobalSection
EndGlobal
