
Microsoft Visual Studio Solution File, Format Version 12.00
# Visual Studio Version 17
VisualStudioVersion = 17.9.34607.119
MinimumVisualStudioVersion = 10.0.40219.1
Project("{FAE04EC0-301F-11D3-BF4B-00C04F79EFBC}") = "Instrucciones", "Instrucciones.csproj", "{08643F2C-90EC-4D0A-8A40-A7F0AB4A7CF6}"
EndProject
Global
	GlobalSection(SolutionConfigurationPlatforms) = preSolution
		Debug|Any CPU = Debug|Any CPU
		Release|Any CPU = Release|Any CPU
	EndGlobalSection
	GlobalSection(ProjectConfigurationPlatforms) = postSolution
		{08643F2C-90EC-4D0A-8A40-A7F0AB4A7CF6}.Debug|Any CPU.ActiveCfg = Debug|Any CPU
		{08643F2C-90EC-4D0A-8A40-A7F0AB4A7CF6}.Debug|Any CPU.Build.0 = Debug|Any CPU
		{08643F2C-90EC-4D0A-8A40-A7F0AB4A7CF6}.Release|Any CPU.ActiveCfg = Release|Any CPU
		{08643F2C-90EC-4D0A-8A40-A7F0AB4A7CF6}.Release|Any CPU.Build.0 = Release|Any CPU
	EndGlobalSection
	GlobalSection(SolutionProperties) = preSolution
		HideSolutionNode = FALSE
	EndGlobalSection
	GlobalSection(ExtensibilityGlobals) = postSolution
		SolutionGuid = {C0F1CD5E-2515-4FB6-882A-5C9A467EFB75}
	EndGlobalSection
EndGlobal
