
Microsoft Visual Studio Solution File, Format Version 12.00
# Visual Studio Version 17
VisualStudioVersion = 17.14.36121.58 d17.14
MinimumVisualStudioVersion = 10.0.40219.1
Project("{FAE04EC0-301F-11D3-BF4B-00C04F79EFBC}") = "OperadoresAritmeticos", "OperadoresAritmeticos.csproj", "{1D20CBF4-C067-40A0-B576-4EE1E59F08DC}"
EndProject
Global
	GlobalSection(SolutionConfigurationPlatforms) = preSolution
		Debug|Any CPU = Debug|Any CPU
		Release|Any CPU = Release|Any CPU
	EndGlobalSection
	GlobalSection(ProjectConfigurationPlatforms) = postSolution
		{1D20CBF4-C067-40A0-B576-4EE1E59F08DC}.Debug|Any CPU.ActiveCfg = Debug|Any CPU
		{1D20CBF4-C067-40A0-B576-4EE1E59F08DC}.Debug|Any CPU.Build.0 = Debug|Any CPU
		{1D20CBF4-C067-40A0-B576-4EE1E59F08DC}.Release|Any CPU.ActiveCfg = Release|Any CPU
		{1D20CBF4-C067-40A0-B576-4EE1E59F08DC}.Release|Any CPU.Build.0 = Release|Any CPU
	EndGlobalSection
	GlobalSection(SolutionProperties) = preSolution
		HideSolutionNode = FALSE
	EndGlobalSection
	GlobalSection(ExtensibilityGlobals) = postSolution
		SolutionGuid = {1AD3C845-B2C5-4248-B9B3-D92039C372E0}
	EndGlobalSection
EndGlobal
