
Microsoft Visual Studio Solution File, Format Version 12.00
# Visual Studio Version 17
VisualStudioVersion = 17.6.33829.357
MinimumVisualStudioVersion = 10.0.40219.1
Project("{FAE04EC0-301F-11D3-BF4B-00C04F79EFBC}") = "p1-ejemplos", "p1-ejemplos.csproj", "{A151D392-6980-4023-8F10-8C38CE3A7EC3}"
EndProject
Global
	GlobalSection(SolutionConfigurationPlatforms) = preSolution
		Debug|Any CPU = Debug|Any CPU
		Release|Any CPU = Release|Any CPU
	EndGlobalSection
	GlobalSection(ProjectConfigurationPlatforms) = postSolution
		{A151D392-6980-4023-8F10-8C38CE3A7EC3}.Debug|Any CPU.ActiveCfg = Debug|Any CPU
		{A151D392-6980-4023-8F10-8C38CE3A7EC3}.Debug|Any CPU.Build.0 = Debug|Any CPU
		{A151D392-6980-4023-8F10-8C38CE3A7EC3}.Release|Any CPU.ActiveCfg = Release|Any CPU
		{A151D392-6980-4023-8F10-8C38CE3A7EC3}.Release|Any CPU.Build.0 = Release|Any CPU
	EndGlobalSection
	GlobalSection(SolutionProperties) = preSolution
		HideSolutionNode = FALSE
	EndGlobalSection
	GlobalSection(ExtensibilityGlobals) = postSolution
		SolutionGuid = {A0FF5CD5-60AF-4895-8C77-B80300A060DC}
	EndGlobalSection
EndGlobal
